
Microsoft Visual Studio Solution File, Format Version 12.00
Project("{FAE04EC0-301F-11D3-BF4B-00C04F79EFBC}") = "API", "API\API.csproj", "{CC2C7C3E-1C60-499A-A212-5F83E14F5FF0}"
EndProject
Global
	GlobalSection(SolutionConfigurationPlatforms) = preSolution
		Debug|Any CPU = Debug|Any CPU
		Release|Any CPU = Release|Any CPU
	EndGlobalSection
	GlobalSection(ProjectConfigurationPlatforms) = postSolution
		{CC2C7C3E-1C60-499A-A212-5F83E14F5FF0}.Debug|Any CPU.ActiveCfg = Debug|Any CPU
		{CC2C7C3E-1C60-499A-A212-5F83E14F5FF0}.Debug|Any CPU.Build.0 = Debug|Any CPU
		{CC2C7C3E-1C60-499A-A212-5F83E14F5FF0}.Release|Any CPU.ActiveCfg = Release|Any CPU
		{CC2C7C3E-1C60-499A-A212-5F83E14F5FF0}.Release|Any CPU.Build.0 = Release|Any CPU
	EndGlobalSection
EndGlobal
